lockVersion: 2.0.0
id: fd2a78ee-286d-4e3c-ab3c-507a8f89f511
management:
  docChecksum: c2a5d8222f4117f238343d6187ef2751
  docVersion: 1.0.0
  speakeasyVersion: 1.402.14
  generationVersion: 2.422.22
  releaseVersion: 0.7.1
  configChecksum: 078192b98b435bdabdbdcc2fd80fb234
  repoURL: https://github.com/ding-live/ding-java.git
  repoSubDirectory: .
  published: true
features:
  java:
    additionalDependencies: 0.1.0
    core: 3.30.2
    examples: 2.81.3
    flattening: 2.81.1
    globalSecurity: 2.82.7
    globalSecurityCallbacks: 0.1.0
    globalServerURLs: 2.82.1
    sdkHooks: 0.1.0
generatedFiles:
  - .gitattributes
  - CONTRIBUTING.md
  - USAGE.md
  - build.gradle
  - docs/models/errors/Code.md
  - docs/models/errors/ErrorResponse.md
  - docs/models/operations/CheckResponse.md
  - docs/models/operations/CreateAuthenticationResponse.md
  - docs/models/operations/FeedbackResponse.md
  - docs/models/operations/LookupRequest.md
  - docs/models/operations/LookupResponse.md
  - docs/models/operations/RetryResponse.md
  - docs/models/shared/CreateAuthenticationRequest.md
  - docs/models/shared/CreateAuthenticationResponse.md
  - docs/models/shared/CreateCheckRequest.md
  - docs/models/shared/CreateCheckResponse.md
  - docs/models/shared/CreateCheckResponseStatus.md
  - docs/models/shared/DeviceType.md
  - docs/models/shared/FeedbackRequest.md
  - docs/models/shared/FeedbackRequestStatus.md
  - docs/models/shared/FeedbackResponse.md
  - docs/models/shared/LineType.md
  - docs/models/shared/LookupResponse.md
  - docs/models/shared/RetryAuthenticationRequest.md
  - docs/models/shared/RetryAuthenticationResponse.md
  - docs/models/shared/RetryAuthenticationResponseStatus.md
  - docs/models/shared/Security.md
  - docs/models/shared/Status.md
  - docs/sdks/ding/README.md
  - docs/sdks/lookup/README.md
  - docs/sdks/otp/README.md
  - gradle/wrapper/gradle-wrapper.jar
  - gradle/wrapper/gradle-wrapper.properties
  - gradlew
  - gradlew.bat
  - settings.gradle
  - src/main/java/live/ding/dingSdk/Ding.java
  - src/main/java/live/ding/dingSdk/Lookup.java
  - src/main/java/live/ding/dingSdk/Otp.java
  - src/main/java/live/ding/dingSdk/SDKConfiguration.java
  - src/main/java/live/ding/dingSdk/SecuritySource.java
  - src/main/java/live/ding/dingSdk/models/errors/AuthException.java
  - src/main/java/live/ding/dingSdk/models/errors/Code.java
  - src/main/java/live/ding/dingSdk/models/errors/ErrorResponse.java
  - src/main/java/live/ding/dingSdk/models/errors/SDKError.java
  - src/main/java/live/ding/dingSdk/models/operations/CheckRequestBuilder.java
  - src/main/java/live/ding/dingSdk/models/operations/CheckResponse.java
  - src/main/java/live/ding/dingSdk/models/operations/CreateAuthenticationRequestBuilder.java
  - src/main/java/live/ding/dingSdk/models/operations/CreateAuthenticationResponse.java
  - src/main/java/live/ding/dingSdk/models/operations/FeedbackRequestBuilder.java
  - src/main/java/live/ding/dingSdk/models/operations/FeedbackResponse.java
  - src/main/java/live/ding/dingSdk/models/operations/LookupRequest.java
  - src/main/java/live/ding/dingSdk/models/operations/LookupRequestBuilder.java
  - src/main/java/live/ding/dingSdk/models/operations/LookupResponse.java
  - src/main/java/live/ding/dingSdk/models/operations/RetryRequestBuilder.java
  - src/main/java/live/ding/dingSdk/models/operations/RetryResponse.java
  - src/main/java/live/ding/dingSdk/models/operations/SDKMethodInterfaces.java
  - src/main/java/live/ding/dingSdk/models/shared/CreateAuthenticationRequest.java
  - src/main/java/live/ding/dingSdk/models/shared/CreateAuthenticationResponse.java
  - src/main/java/live/ding/dingSdk/models/shared/CreateCheckRequest.java
  - src/main/java/live/ding/dingSdk/models/shared/CreateCheckResponse.java
  - src/main/java/live/ding/dingSdk/models/shared/CreateCheckResponseStatus.java
  - src/main/java/live/ding/dingSdk/models/shared/DeviceType.java
  - src/main/java/live/ding/dingSdk/models/shared/FeedbackRequest.java
  - src/main/java/live/ding/dingSdk/models/shared/FeedbackRequestStatus.java
  - src/main/java/live/ding/dingSdk/models/shared/FeedbackResponse.java
  - src/main/java/live/ding/dingSdk/models/shared/LineType.java
  - src/main/java/live/ding/dingSdk/models/shared/LookupResponse.java
  - src/main/java/live/ding/dingSdk/models/shared/RetryAuthenticationRequest.java
  - src/main/java/live/ding/dingSdk/models/shared/RetryAuthenticationResponse.java
  - src/main/java/live/ding/dingSdk/models/shared/RetryAuthenticationResponseStatus.java
  - src/main/java/live/ding/dingSdk/models/shared/Security.java
  - src/main/java/live/ding/dingSdk/models/shared/Status.java
  - src/main/java/live/ding/dingSdk/utils/BackoffStrategy.java
  - src/main/java/live/ding/dingSdk/utils/BigDecimalString.java
  - src/main/java/live/ding/dingSdk/utils/BigIntegerString.java
  - src/main/java/live/ding/dingSdk/utils/Deserializers.java
  - src/main/java/live/ding/dingSdk/utils/EventStream.java
  - src/main/java/live/ding/dingSdk/utils/EventStreamLineReader.java
  - src/main/java/live/ding/dingSdk/utils/EventStreamMessage.java
  - src/main/java/live/ding/dingSdk/utils/EventStreamReader.java
  - src/main/java/live/ding/dingSdk/utils/FormMetadata.java
  - src/main/java/live/ding/dingSdk/utils/HTTPClient.java
  - src/main/java/live/ding/dingSdk/utils/HTTPRequest.java
  - src/main/java/live/ding/dingSdk/utils/HeaderMetadata.java
  - src/main/java/live/ding/dingSdk/utils/Helpers.java
  - src/main/java/live/ding/dingSdk/utils/Hook.java
  - src/main/java/live/ding/dingSdk/utils/Hooks.java
  - src/main/java/live/ding/dingSdk/utils/JSON.java
  - src/main/java/live/ding/dingSdk/utils/LazySingletonValue.java
  - src/main/java/live/ding/dingSdk/utils/Metadata.java
  - src/main/java/live/ding/dingSdk/utils/MultipartFormMetadata.java
  - src/main/java/live/ding/dingSdk/utils/OneOfDeserializer.java
  - src/main/java/live/ding/dingSdk/utils/Options.java
  - src/main/java/live/ding/dingSdk/utils/PathParamsMetadata.java
  - src/main/java/live/ding/dingSdk/utils/QueryParameters.java
  - src/main/java/live/ding/dingSdk/utils/QueryParamsMetadata.java
  - src/main/java/live/ding/dingSdk/utils/RequestBody.java
  - src/main/java/live/ding/dingSdk/utils/RequestMetadata.java
  - src/main/java/live/ding/dingSdk/utils/Response.java
  - src/main/java/live/ding/dingSdk/utils/Retries.java
  - src/main/java/live/ding/dingSdk/utils/RetryConfig.java
  - src/main/java/live/ding/dingSdk/utils/Security.java
  - src/main/java/live/ding/dingSdk/utils/SecurityMetadata.java
  - src/main/java/live/ding/dingSdk/utils/SerializedBody.java
  - src/main/java/live/ding/dingSdk/utils/SpeakeasyHTTPClient.java
  - src/main/java/live/ding/dingSdk/utils/SpeakeasyMetadata.java
  - src/main/java/live/ding/dingSdk/utils/TypedObject.java
  - src/main/java/live/ding/dingSdk/utils/Types.java
  - src/main/java/live/ding/dingSdk/utils/Utils.java
examples:
  check:
    speakeasy-default-check:
      requestBody:
        application/json: {"authentication_uuid": "e0e7b0e9-739d-424b-922f-1c2cb48ab077", "check_code": "123456", "customer_uuid": "8f1196d5-806e-4b71-9b24-5f96ec052808"}
      responses:
        "200":
          application/json: {"status": "valid"}
        "400":
          application/json: {"code": "invalid_phone_number", "doc_url": "https://docs.prelude.so/api-reference/errors#invalid_phone_number", "message": "+0 is not a valid phone number"}
  create-authentication:
    speakeasy-default-create-authentication:
      requestBody:
        application/json: {"customer_uuid": "c9f826e0-deca-41ec-871f-ecd6e8efeb46", "phone_number": "+1234567890"}
      responses:
        "400":
          application/json: {"code": "invalid_phone_number", "doc_url": "https://docs.prelude.so/api-reference/errors#invalid_phone_number", "message": "+0 is not a valid phone number"}
        "200": {}
  feedback:
    speakeasy-default-feedback:
      requestBody:
        application/json: {"customer_uuid": "c0c405fa-6bcb-4094-9430-7d6e2428ff23", "phone_number": "+1234567890", "status": "onboarded"}
      responses:
        "200":
          application/json: {"uuid": "123e4567-e89b-12d3-a456-4266141740a0"}
        default:
          application/json: {"code": "invalid_phone_number", "doc_url": "https://docs.prelude.so/api-reference/errors#invalid_phone_number", "message": "+0 is not a valid phone number"}
  retry:
    speakeasy-default-retry:
      responses:
        "200":
          application/json: {"remaining_retry": 3, "status": "approved"}
        "400":
          application/json: {"code": "invalid_phone_number", "doc_url": "https://docs.prelude.so/api-reference/errors#invalid_phone_number", "message": "+0 is not a valid phone number"}
  lookup:
    speakeasy-default-lookup:
      parameters:
        path:
          phone_number: "<value>"
        header:
          customer-uuid: "6e93aa15-9177-4d09-8395-b69ce50db1c8"
      responses:
        "200":
          application/json: {"carrier": "AT&T", "country_code": "US", "line_type": "Mobile", "mcc": "310", "mnc": "410", "phone_number": "+1234567890"}
        "400":
          application/json: {"code": "invalid_phone_number", "doc_url": "https://docs.prelude.so/api-reference/errors#invalid_phone_number", "message": "+0 is not a valid phone number"}
