lockVersion: 2.0.0
id: fd2a78ee-286d-4e3c-ab3c-507a8f89f511
management:
  docChecksum: ab1dcbf52747c79a9f4eef70ba8d414f
  docVersion: 1.0.0
  speakeasyVersion: 1.540.0
  generationVersion: 2.593.3
  releaseVersion: 0.9.0
  configChecksum: f59b3b2458198348e410a6739d8e24b7
  repoURL: https://github.com/ding-live/ding-java.git
  repoSubDirectory: .
  published: true
features:
  java:
    additionalDependencies: 0.1.0
    core: 3.37.1
    examples: 2.81.5
    flattening: 2.81.1
    globalSecurity: 2.82.8
    globalSecurityCallbacks: 0.1.0
    globalServerURLs: 2.82.1
    sdkHooks: 1.0.0
    unions: 0.0.6
generatedFiles:
  - .gitattributes
  - USAGE.md
  - build.gradle
  - docs/models/errors/Code.md
  - docs/models/errors/ErrorResponse.md
  - docs/models/operations/CheckResponse.md
  - docs/models/operations/CreateAuthenticationResponse.md
  - docs/models/operations/FeedbackResponse.md
  - docs/models/operations/GetAuthenticationStatusRequest.md
  - docs/models/operations/GetAuthenticationStatusResponse.md
  - docs/models/operations/LookupRequest.md
  - docs/models/operations/LookupResponse.md
  - docs/models/operations/RetryResponse.md
  - docs/models/operations/Type.md
  - docs/models/shared/Attempt.md
  - docs/models/shared/AuthenticationStatusResponse.md
  - docs/models/shared/AuthenticationStatusResponseDeviceType.md
  - docs/models/shared/AuthenticationStatusResponseSchemasEventsType.md
  - docs/models/shared/AuthenticationStatusResponseSchemasStatus.md
  - docs/models/shared/AuthenticationStatusResponseSchemasType.md
  - docs/models/shared/AuthenticationStatusResponseStatus.md
  - docs/models/shared/AuthenticationStatusResponseType.md
  - docs/models/shared/BalanceUpdate.md
  - docs/models/shared/BalanceUpdateType.md
  - docs/models/shared/Capability.md
  - docs/models/shared/Check.md
  - docs/models/shared/CheckStatus.md
  - docs/models/shared/CreateAuthenticationRequest.md
  - docs/models/shared/CreateAuthenticationResponse.md
  - docs/models/shared/CreateCheckRequest.md
  - docs/models/shared/CreateCheckResponse.md
  - docs/models/shared/DeliveryStatus.md
  - docs/models/shared/DeviceType.md
  - docs/models/shared/Events.md
  - docs/models/shared/FeedbackRequest.md
  - docs/models/shared/FeedbackRequestStatus.md
  - docs/models/shared/FeedbackResponse.md
  - docs/models/shared/LineType.md
  - docs/models/shared/LookupResponse.md
  - docs/models/shared/RetryAuthenticationRequest.md
  - docs/models/shared/RetryAuthenticationResponse.md
  - docs/models/shared/RetryAuthenticationResponseStatus.md
  - docs/models/shared/Security.md
  - docs/models/shared/Signals.md
  - docs/models/shared/Status.md
  - docs/models/shared/Type.md
  - docs/sdks/ding/README.md
  - docs/sdks/lookup/README.md
  - docs/sdks/otp/README.md
  - gradle.properties
  - gradle/wrapper/gradle-wrapper.jar
  - gradle/wrapper/gradle-wrapper.properties
  - gradlew
  - gradlew.bat
  - settings.gradle
  - src/main/java/live/ding/dingsdk/Ding.java
  - src/main/java/live/ding/dingsdk/Lookup.java
  - src/main/java/live/ding/dingsdk/Otp.java
  - src/main/java/live/ding/dingsdk/SDKConfiguration.java
  - src/main/java/live/ding/dingsdk/SecuritySource.java
  - src/main/java/live/ding/dingsdk/models/errors/AuthException.java
  - src/main/java/live/ding/dingsdk/models/errors/Code.java
  - src/main/java/live/ding/dingsdk/models/errors/ErrorResponse.java
  - src/main/java/live/ding/dingsdk/models/errors/SDKError.java
  - src/main/java/live/ding/dingsdk/models/operations/CheckRequestBuilder.java
  - src/main/java/live/ding/dingsdk/models/operations/CheckResponse.java
  - src/main/java/live/ding/dingsdk/models/operations/CreateAuthenticationRequestBuilder.java
  - src/main/java/live/ding/dingsdk/models/operations/CreateAuthenticationResponse.java
  - src/main/java/live/ding/dingsdk/models/operations/FeedbackRequestBuilder.java
  - src/main/java/live/ding/dingsdk/models/operations/FeedbackResponse.java
  - src/main/java/live/ding/dingsdk/models/operations/GetAuthenticationStatusRequest.java
  - src/main/java/live/ding/dingsdk/models/operations/GetAuthenticationStatusRequestBuilder.java
  - src/main/java/live/ding/dingsdk/models/operations/GetAuthenticationStatusResponse.java
  - src/main/java/live/ding/dingsdk/models/operations/LookupRequest.java
  - src/main/java/live/ding/dingsdk/models/operations/LookupRequestBuilder.java
  - src/main/java/live/ding/dingsdk/models/operations/LookupResponse.java
  - src/main/java/live/ding/dingsdk/models/operations/RetryRequestBuilder.java
  - src/main/java/live/ding/dingsdk/models/operations/RetryResponse.java
  - src/main/java/live/ding/dingsdk/models/operations/SDKMethodInterfaces.java
  - src/main/java/live/ding/dingsdk/models/operations/Type.java
  - src/main/java/live/ding/dingsdk/models/shared/Attempt.java
  - src/main/java/live/ding/dingsdk/models/shared/AuthenticationStatusResponse.java
  - src/main/java/live/ding/dingsdk/models/shared/AuthenticationStatusResponseDeviceType.java
  - src/main/java/live/ding/dingsdk/models/shared/AuthenticationStatusResponseSchemasEventsType.java
  - src/main/java/live/ding/dingsdk/models/shared/AuthenticationStatusResponseSchemasStatus.java
  - src/main/java/live/ding/dingsdk/models/shared/AuthenticationStatusResponseSchemasType.java
  - src/main/java/live/ding/dingsdk/models/shared/AuthenticationStatusResponseStatus.java
  - src/main/java/live/ding/dingsdk/models/shared/AuthenticationStatusResponseType.java
  - src/main/java/live/ding/dingsdk/models/shared/BalanceUpdate.java
  - src/main/java/live/ding/dingsdk/models/shared/BalanceUpdateType.java
  - src/main/java/live/ding/dingsdk/models/shared/Capability.java
  - src/main/java/live/ding/dingsdk/models/shared/Check.java
  - src/main/java/live/ding/dingsdk/models/shared/CheckStatus.java
  - src/main/java/live/ding/dingsdk/models/shared/CreateAuthenticationRequest.java
  - src/main/java/live/ding/dingsdk/models/shared/CreateAuthenticationResponse.java
  - src/main/java/live/ding/dingsdk/models/shared/CreateCheckRequest.java
  - src/main/java/live/ding/dingsdk/models/shared/CreateCheckResponse.java
  - src/main/java/live/ding/dingsdk/models/shared/DeliveryStatus.java
  - src/main/java/live/ding/dingsdk/models/shared/DeviceType.java
  - src/main/java/live/ding/dingsdk/models/shared/Events.java
  - src/main/java/live/ding/dingsdk/models/shared/FeedbackRequest.java
  - src/main/java/live/ding/dingsdk/models/shared/FeedbackRequestStatus.java
  - src/main/java/live/ding/dingsdk/models/shared/FeedbackResponse.java
  - src/main/java/live/ding/dingsdk/models/shared/LineType.java
  - src/main/java/live/ding/dingsdk/models/shared/LookupResponse.java
  - src/main/java/live/ding/dingsdk/models/shared/RetryAuthenticationRequest.java
  - src/main/java/live/ding/dingsdk/models/shared/RetryAuthenticationResponse.java
  - src/main/java/live/ding/dingsdk/models/shared/RetryAuthenticationResponseStatus.java
  - src/main/java/live/ding/dingsdk/models/shared/Security.java
  - src/main/java/live/ding/dingsdk/models/shared/Signals.java
  - src/main/java/live/ding/dingsdk/models/shared/Status.java
  - src/main/java/live/ding/dingsdk/models/shared/Type.java
  - src/main/java/live/ding/dingsdk/utils/BackoffStrategy.java
  - src/main/java/live/ding/dingsdk/utils/BigDecimalString.java
  - src/main/java/live/ding/dingsdk/utils/BigIntegerString.java
  - src/main/java/live/ding/dingsdk/utils/Constants.java
  - src/main/java/live/ding/dingsdk/utils/Deserializers.java
  - src/main/java/live/ding/dingsdk/utils/EventStream.java
  - src/main/java/live/ding/dingsdk/utils/EventStreamLineReader.java
  - src/main/java/live/ding/dingsdk/utils/EventStreamMessage.java
  - src/main/java/live/ding/dingsdk/utils/EventStreamReader.java
  - src/main/java/live/ding/dingsdk/utils/FormMetadata.java
  - src/main/java/live/ding/dingsdk/utils/HTTPClient.java
  - src/main/java/live/ding/dingsdk/utils/HTTPRequest.java
  - src/main/java/live/ding/dingsdk/utils/HasSecurity.java
  - src/main/java/live/ding/dingsdk/utils/HeaderMetadata.java
  - src/main/java/live/ding/dingsdk/utils/Helpers.java
  - src/main/java/live/ding/dingsdk/utils/Hook.java
  - src/main/java/live/ding/dingsdk/utils/Hooks.java
  - src/main/java/live/ding/dingsdk/utils/JSON.java
  - src/main/java/live/ding/dingsdk/utils/LazySingletonValue.java
  - src/main/java/live/ding/dingsdk/utils/Metadata.java
  - src/main/java/live/ding/dingsdk/utils/Multipart.java
  - src/main/java/live/ding/dingsdk/utils/MultipartFormMetadata.java
  - src/main/java/live/ding/dingsdk/utils/NameValue.java
  - src/main/java/live/ding/dingsdk/utils/OneOfDeserializer.java
  - src/main/java/live/ding/dingsdk/utils/Options.java
  - src/main/java/live/ding/dingsdk/utils/PathParamsMetadata.java
  - src/main/java/live/ding/dingsdk/utils/QueryEncoding.java
  - src/main/java/live/ding/dingsdk/utils/QueryParameter.java
  - src/main/java/live/ding/dingsdk/utils/QueryParameters.java
  - src/main/java/live/ding/dingsdk/utils/QueryParamsMetadata.java
  - src/main/java/live/ding/dingsdk/utils/RecordingClient.java
  - src/main/java/live/ding/dingsdk/utils/RequestBody.java
  - src/main/java/live/ding/dingsdk/utils/RequestMetadata.java
  - src/main/java/live/ding/dingsdk/utils/Response.java
  - src/main/java/live/ding/dingsdk/utils/Retries.java
  - src/main/java/live/ding/dingsdk/utils/RetryConfig.java
  - src/main/java/live/ding/dingsdk/utils/Security.java
  - src/main/java/live/ding/dingsdk/utils/SecurityMetadata.java
  - src/main/java/live/ding/dingsdk/utils/SerializedBody.java
  - src/main/java/live/ding/dingsdk/utils/SessionManager.java
  - src/main/java/live/ding/dingsdk/utils/SpeakeasyHTTPClient.java
  - src/main/java/live/ding/dingsdk/utils/SpeakeasyMetadata.java
  - src/main/java/live/ding/dingsdk/utils/TypedObject.java
  - src/main/java/live/ding/dingsdk/utils/Types.java
  - src/main/java/live/ding/dingsdk/utils/Utf8UrlEncoder.java
  - src/main/java/live/ding/dingsdk/utils/Utils.java
examples:
  check:
    speakeasy-default-check:
      requestBody:
        application/json: {"authentication_uuid": "eebe792b-2fcc-44a0-87f1-650e79259e02", "check_code": "123456", "customer_uuid": "64f66a7c-4b2c-4131-a8ff-d5b954cca05f"}
      responses:
        "200":
          application/json: {"status": "valid"}
        "400":
          application/json: {"code": "invalid_phone_number", "doc_url": "https://docs.prelude.so/verify/v1/documentation/errors#invalid_phone_number", "message": "+0 is not a valid phone number"}
  create-authentication:
    speakeasy-default-create-authentication:
      requestBody:
        application/json: {"customer_uuid": "cf2edc1c-7fc6-48fb-86da-b7508c6b7b71", "locale": "fr-FR", "phone_number": "+1234567890"}
      responses:
        "200":
          application/json: {}
        "400":
          application/json: {"code": "invalid_phone_number", "doc_url": "https://docs.prelude.so/verify/v1/documentation/errors#invalid_phone_number", "message": "+0 is not a valid phone number"}
  feedback:
    speakeasy-default-feedback:
      requestBody:
        application/json: {"customer_uuid": "cc0f6c04-40de-448f-8301-3cb0e6565dff", "phone_number": "+1234567890", "status": "onboarded"}
      responses:
        "200":
          application/json: {"uuid": "123e4567-e89b-12d3-a456-4266141740a0"}
        "400":
          application/json: {"code": "invalid_phone_number", "doc_url": "https://docs.prelude.so/verify/v1/documentation/errors#invalid_phone_number", "message": "+0 is not a valid phone number"}
  getAuthenticationStatus:
    speakeasy-default-get-authentication-status:
      parameters:
        path:
          auth_uuid: "d8446450-f2fa-4dd9-806b-df5b8c661f23"
      responses:
        "200":
          application/json: {"events": [{"content": "Your code is 123456"}], "phone_number": "+1234567890"}
        "400":
          application/json: {"code": "invalid_phone_number", "doc_url": "https://docs.prelude.so/verify/v1/documentation/errors#invalid_phone_number", "message": "+0 is not a valid phone number"}
  retry:
    speakeasy-default-retry:
      responses:
        "200":
          application/json: {"remaining_retry": 3, "status": "approved"}
        "400":
          application/json: {"code": "invalid_phone_number", "doc_url": "https://docs.prelude.so/verify/v1/documentation/errors#invalid_phone_number", "message": "+0 is not a valid phone number"}
  lookup:
    speakeasy-default-lookup:
      parameters:
        path:
          phone_number: "<value>"
        query: {}
        header:
          customer-uuid: "69a197d9-356c-45d1-a807-41874e16b555"
      responses:
        "200":
          application/json: {"carrier": "AT&T", "country_code": "US", "line_type": "Mobile", "mcc": "310", "mnc": "410", "phone_number": "+1234567890"}
        "400":
          application/json: {"code": "invalid_phone_number", "doc_url": "https://docs.prelude.so/verify/v1/documentation/errors#invalid_phone_number", "message": "+0 is not a valid phone number"}
examplesVersion: 1.0.1
generatedTests: {}
