lockVersion: 2.0.0
id: fd2a78ee-286d-4e3c-ab3c-507a8f89f511
management:
  docChecksum: 9894bd098e7dd9f81402a9c6ea0a6ea0
  docVersion: 1.0.0
  speakeasyVersion: 1.269.1
  generationVersion: 2.312.1
  releaseVersion: 0.4.5
  configChecksum: 4aea4ffa6be334fd9c4596af5be7e462
  repoURL: https://github.com/ding-live/ding-java.git
  repoSubDirectory: .
  published: true
features:
  java:
    core: 3.5.2
    examples: 2.81.3
    flattening: 2.81.1
    globalSecurity: 2.81.5
    globalServerURLs: 2.82.1
generatedFiles:
  - lib/src/main/java/live/ding/dingSdk/SDKConfiguration.java
  - lib/src/main/java/live/ding/dingSdk/Otp.java
  - lib/src/main/java/live/ding/dingSdk/Lookup.java
  - lib/src/main/java/live/ding/dingSdk/Ding.java
  - .gitattributes
  - gradle/wrapper/gradle-wrapper.jar
  - gradle/wrapper/gradle-wrapper.properties
  - gradlew
  - gradlew.bat
  - settings.gradle
  - lib/build.gradle
  - lib/src/main/java/live/ding/dingSdk/utils/DateTimeDeserializer.java
  - lib/src/main/java/live/ding/dingSdk/utils/DateTimeSerializer.java
  - lib/src/main/java/live/ding/dingSdk/utils/FormMetadata.java
  - lib/src/main/java/live/ding/dingSdk/utils/HTTPClient.java
  - lib/src/main/java/live/ding/dingSdk/utils/HTTPRequest.java
  - lib/src/main/java/live/ding/dingSdk/utils/HeaderMetadata.java
  - lib/src/main/java/live/ding/dingSdk/utils/JSON.java
  - lib/src/main/java/live/ding/dingSdk/utils/Metadata.java
  - lib/src/main/java/live/ding/dingSdk/utils/MultipartFormMetadata.java
  - lib/src/main/java/live/ding/dingSdk/utils/PathParamsMetadata.java
  - lib/src/main/java/live/ding/dingSdk/utils/QueryParameters.java
  - lib/src/main/java/live/ding/dingSdk/utils/QueryParamsMetadata.java
  - lib/src/main/java/live/ding/dingSdk/utils/RequestBody.java
  - lib/src/main/java/live/ding/dingSdk/utils/RequestMetadata.java
  - lib/src/main/java/live/ding/dingSdk/utils/Security.java
  - lib/src/main/java/live/ding/dingSdk/utils/SecurityMetadata.java
  - lib/src/main/java/live/ding/dingSdk/utils/SerializedBody.java
  - lib/src/main/java/live/ding/dingSdk/utils/SpeakeasyHTTPClient.java
  - lib/src/main/java/live/ding/dingSdk/utils/SpeakeasyHTTPSecurityClient.java
  - lib/src/main/java/live/ding/dingSdk/utils/SpeakeasyMetadata.java
  - lib/src/main/java/live/ding/dingSdk/utils/Types.java
  - lib/src/main/java/live/ding/dingSdk/utils/Utils.java
  - lib/src/main/java/live/ding/dingSdk/models/operations/CheckResponse.java
  - lib/src/main/java/live/ding/dingSdk/models/operations/CreateAuthenticationResponse.java
  - lib/src/main/java/live/ding/dingSdk/models/operations/FeedbackResponse.java
  - lib/src/main/java/live/ding/dingSdk/models/operations/RetryResponse.java
  - lib/src/main/java/live/ding/dingSdk/models/operations/LookupRequest.java
  - lib/src/main/java/live/ding/dingSdk/models/operations/LookupResponse.java
  - lib/src/main/java/live/ding/dingSdk/models/shared/Code.java
  - lib/src/main/java/live/ding/dingSdk/models/shared/ErrorResponse.java
  - lib/src/main/java/live/ding/dingSdk/models/shared/CreateCheckResponseStatus.java
  - lib/src/main/java/live/ding/dingSdk/models/shared/CreateCheckResponse.java
  - lib/src/main/java/live/ding/dingSdk/models/shared/CreateCheckRequest.java
  - lib/src/main/java/live/ding/dingSdk/models/shared/Status.java
  - lib/src/main/java/live/ding/dingSdk/models/shared/CreateAuthenticationResponse.java
  - lib/src/main/java/live/ding/dingSdk/models/shared/DeviceType.java
  - lib/src/main/java/live/ding/dingSdk/models/shared/CreateAuthenticationRequest.java
  - lib/src/main/java/live/ding/dingSdk/models/shared/FeedbackResponse.java
  - lib/src/main/java/live/ding/dingSdk/models/shared/FeedbackRequestStatus.java
  - lib/src/main/java/live/ding/dingSdk/models/shared/FeedbackRequest.java
  - lib/src/main/java/live/ding/dingSdk/models/shared/RetryAuthenticationResponseStatus.java
  - lib/src/main/java/live/ding/dingSdk/models/shared/RetryAuthenticationResponse.java
  - lib/src/main/java/live/ding/dingSdk/models/shared/RetryAuthenticationRequest.java
  - lib/src/main/java/live/ding/dingSdk/models/shared/LineType.java
  - lib/src/main/java/live/ding/dingSdk/models/shared/LookupResponse.java
  - lib/src/main/java/live/ding/dingSdk/models/shared/Security.java
  - docs/models/operations/CheckResponse.md
  - docs/models/operations/CreateAuthenticationResponse.md
  - docs/models/operations/FeedbackResponse.md
  - docs/models/operations/RetryResponse.md
  - docs/models/operations/LookupRequest.md
  - docs/models/operations/LookupResponse.md
  - docs/models/shared/Code.md
  - docs/models/shared/ErrorResponse.md
  - docs/models/shared/CreateCheckResponseStatus.md
  - docs/models/shared/CreateCheckResponse.md
  - docs/models/shared/CreateCheckRequest.md
  - docs/models/shared/Status.md
  - docs/models/shared/CreateAuthenticationResponse.md
  - docs/models/shared/DeviceType.md
  - docs/models/shared/CreateAuthenticationRequest.md
  - docs/models/shared/FeedbackResponse.md
  - docs/models/shared/FeedbackRequestStatus.md
  - docs/models/shared/FeedbackRequest.md
  - docs/models/shared/RetryAuthenticationResponseStatus.md
  - docs/models/shared/RetryAuthenticationResponse.md
  - docs/models/shared/RetryAuthenticationRequest.md
  - docs/models/shared/LineType.md
  - docs/models/shared/LookupResponse.md
  - docs/models/shared/Security.md
  - docs/sdks/ding/README.md
  - docs/sdks/otp/README.md
  - docs/sdks/lookup/README.md
  - USAGE.md
