speakeasyVersion: 1.422.2
sources:
    my-source:
        sourceNamespace: my-source
        sourceRevisionDigest: sha256:a53e1405ff2cd65fb42054dd6f1d5fb5a51e9c220251a37672a1e78ee0ae8909
        sourceBlobDigest: sha256:53cfa7778a132bc5e0a8ddb6d02fbbe345b15d571d7748cc4978523211008ea3
        tags:
            - latest
            - main
targets:
    live.ding.dingsdk:
        source: my-source
        sourceNamespace: my-source
        sourceRevisionDigest: sha256:a53e1405ff2cd65fb42054dd6f1d5fb5a51e9c220251a37672a1e78ee0ae8909
        sourceBlobDigest: sha256:53cfa7778a132bc5e0a8ddb6d02fbbe345b15d571d7748cc4978523211008ea3
        codeSamplesNamespace: my-source-code-samples
        codeSamplesRevisionDigest: sha256:58989e317b53b458658b741652a1a5ea85494386962bfda0566ceddadf580c53
workflow:
    workflowVersion: 1.0.0
    speakeasyVersion: latest
    sources:
        my-source:
            inputs:
                - location: https://raw.githubusercontent.com/ding-live/openapi/main/ding.yaml
            registry:
                location: registry.speakeasyapi.dev/ding/ding/my-source
    targets:
        live.ding.dingsdk:
            target: java
            source: my-source
            publish:
                java:
                    ossrhUsername: f1b6diLi
                    ossrhPassword: $ossrh_password
                    gpgSecretKey: $java_gpg_secret_key
                    gpgPassPhrase: $java_gpg_passphrase
            codeSamples:
                registry:
                    location: registry.speakeasyapi.dev/ding/ding/my-source-code-samples
                blocking: false
